
Microsoft Visual Studio Solution File, Format Version 12.00
# Visual Studio Version 16
VisualStudioVersion = 16.0.30114.105
MinimumVisualStudioVersion = 10.0.40219.1
Project("{FAE04EC0-301F-11D3-BF4B-00C04F79EFBC}") = "CoreApiForComputers", "CoreApiForComputers\CoreApiForComputers.csproj", "{35733B11-3119-474F-895F-FA192703278A}"
EndProject
Global
	GlobalSection(SolutionConfigurationPlatforms) = preSolution
		Debug|Any CPU = Debug|Any CPU
		Release|Any CPU = Release|Any CPU
	EndGlobalSection
	GlobalSection(ProjectConfigurationPlatforms) = postSolution
		{35733B11-3119-474F-895F-FA192703278A}.Debug|Any CPU.ActiveCfg = Debug|Any CPU
		{35733B11-3119-474F-895F-FA192703278A}.Debug|Any CPU.Build.0 = Debug|Any CPU
		{35733B11-3119-474F-895F-FA192703278A}.Release|Any CPU.ActiveCfg = Release|Any CPU
		{35733B11-3119-474F-895F-FA192703278A}.Release|Any CPU.Build.0 = Release|Any CPU
	EndGlobalSection
	GlobalSection(SolutionProperties) = preSolution
		HideSolutionNode = FALSE
	EndGlobalSection
	GlobalSection(ExtensibilityGlobals) = postSolution
		SolutionGuid = {5D7DA60D-0ACC-4FD2-8B4F-A06AF5684A85}
	EndGlobalSection
EndGlobal
